// !$*UTF8*$!
{
	archiveVersion = 1;
	classes = {
	};
	objectVersion = 56;
	objects = {

/* Begin PBXBuildFile section */
		370292A32BDCF90E006F996C /* SendbirdUIKit in Frameworks */ = {isa = PBXBuildFile; productRef = 370292A22BDCF90E006F996C /* SendbirdUIKit */; };
		370292A62BDCF960006F996C /* SendbirdChatSDK in Frameworks */ = {isa = PBXBuildFile; productRef = 370292A52BDCF960006F996C /* SendbirdChatSDK */; };
		37029A9B2BDD5B7A00D0B312 /* LoginViewController.swift in Sources */ = {isa = PBXBuildFile; fileRef = 37029A9A2BDD5B7A00D0B312 /* LoginViewController.swift */; };
		370E391F2BE7784500C1A10B /* OrderStatusViewController.swift in Sources */ = {isa = PBXBuildFile; fileRef = 370E391E2BE7784500C1A10B /* OrderStatusViewController.swift */; };
		370E39212BE7793800C1A10B /* OrderDetails.swift in Sources */ = {isa = PBXBuildFile; fileRef = 370E39202BE7793800C1A10B /* OrderDetails.swift */; };
		37A9A3BD2BDCEB790036CEE0 /* AppDelegate.swift in Sources */ = {isa = PBXBuildFile; fileRef = 37A9A3BC2BDCEB790036CEE0 /* AppDelegate.swift */; };
		37A9A3BF2BDCEB790036CEE0 /* SceneDelegate.swift in Sources */ = {isa = PBXBuildFile; fileRef = 37A9A3BE2BDCEB790036CEE0 /* SceneDelegate.swift */; };
		37A9A3C12BDCEB790036CEE0 /* ViewController.swift in Sources */ = {isa = PBXBuildFile; fileRef = 37A9A3C02BDCEB790036CEE0 /* ViewController.swift */; };
		37A9A3C42BDCEB790036CEE0 /* Main.storyboard in Resources */ = {isa = PBXBuildFile; fileRef = 37A9A3C22BDCEB790036CEE0 /* Main.storyboard */; };
		37A9A3C62BDCEB7A0036CEE0 /* Assets.xcassets in Resources */ = {isa = PBXBuildFile; fileRef = 37A9A3C52BDCEB7A0036CEE0 /* Assets.xcassets */; };
		37A9A3C92BDCEB7A0036CEE0 /* LaunchScreen.storyboard in Resources */ = {isa = PBXBuildFile; fileRef = 37A9A3C72BDCEB7A0036CEE0 /* LaunchScreen.storyboard */; };
/* End PBXBuildFile section */

/* Begin PBXFileReference section */
		37029A9A2BDD5B7A00D0B312 /* LoginViewController.swift */ = {isa = PBXFileReference; lastKnownFileType = sourcecode.swift; path = LoginViewController.swift; sourceTree = "<group>"; };
		370E391E2BE7784500C1A10B /* OrderStatusViewController.swift */ = {isa = PBXFileReference; lastKnownFileType = sourcecode.swift; path = OrderStatusViewController.swift; sourceTree = "<group>"; };
		370E39202BE7793800C1A10B /* OrderDetails.swift */ = {isa = PBXFileReference; lastKnownFileType = sourcecode.swift; path = OrderDetails.swift; sourceTree = "<group>"; };
		37A9A3B92BDCEB790036CEE0 /* UIKitTutorials.app */ = {isa = PBXFileReference; explicitFileType = wrapper.application; includeInIndex = 0; path = UIKitTutorials.app; sourceTree = BUILT_PRODUCTS_DIR; };
		37A9A3BC2BDCEB790036CEE0 /* AppDelegate.swift */ = {isa = PBXFileReference; lastKnownFileType = sourcecode.swift; path = AppDelegate.swift; sourceTree = "<group>"; };
		37A9A3BE2BDCEB790036CEE0 /* SceneDelegate.swift */ = {isa = PBXFileReference; lastKnownFileType = sourcecode.swift; path = SceneDelegate.swift; sourceTree = "<group>"; };
		37A9A3C02BDCEB790036CEE0 /* ViewController.swift */ = {isa = PBXFileReference; lastKnownFileType = sourcecode.swift; path = ViewController.swift; sourceTree = "<group>"; };
		37A9A3C32BDCEB790036CEE0 /* Base */ = {isa = PBXFileReference; lastKnownFileType = file.storyboard; name = Base; path = Base.lproj/Main.storyboard; sourceTree = "<group>"; };
		37A9A3C52BDCEB7A0036CEE0 /* Assets.xcassets */ = {isa = PBXFileReference; lastKnownFileType = folder.assetcatalog; path = Assets.xcassets; sourceTree = "<group>"; };
		37A9A3C82BDCEB7A0036CEE0 /* Base */ = {isa = PBXFileReference; lastKnownFileType = file.storyboard; name = Base; path = Base.lproj/LaunchScreen.storyboard; sourceTree = "<group>"; };
		37A9A3CA2BDCEB7A0036CEE0 /* Info.plist */ = {isa = PBXFileReference; lastKnownFileType = text.plist.xml; path = Info.plist; sourceTree = "<group>"; };
/* End PBXFileReference section */

/* Begin PBXFrameworksBuildPhase section */
		37A9A3B62BDCEB790036CEE0 /* Frameworks */ = {
			isa = PBXFrameworksBuildPhase;
			buildActionMask = 2147483647;
			files = (
				370292A62BDCF960006F996C /* SendbirdChatSDK in Frameworks */,
				370292A32BDCF90E006F996C /* SendbirdUIKit in Frameworks */,
			);
			runOnlyForDeploymentPostprocessing = 0;
		};
/* End PBXFrameworksBuildPhase section */

/* Begin PBXGroup section */
		37A9A3B02BDCEB790036CEE0 = {
			isa = PBXGroup;
			children = (
				37A9A3BB2BDCEB790036CEE0 /* UIKitTutorials */,
				37A9A3BA2BDCEB790036CEE0 /* Products */,
			);
			sourceTree = "<group>";
		};
		37A9A3BA2BDCEB790036CEE0 /* Products */ = {
			isa = PBXGroup;
			children = (
				37A9A3B92BDCEB790036CEE0 /* UIKitTutorials.app */,
			);
			name = Products;
			sourceTree = "<group>";
		};
		37A9A3BB2BDCEB790036CEE0 /* UIKitTutorials */ = {
			isa = PBXGroup;
			children = (
				37A9A3BC2BDCEB790036CEE0 /* AppDelegate.swift */,
				37A9A3BE2BDCEB790036CEE0 /* SceneDelegate.swift */,
				37A9A3C02BDCEB790036CEE0 /* ViewController.swift */,
				37A9A3C22BDCEB790036CEE0 /* Main.storyboard */,
				37A9A3C52BDCEB7A0036CEE0 /* Assets.xcassets */,
				37A9A3C72BDCEB7A0036CEE0 /* LaunchScreen.storyboard */,
				37A9A3CA2BDCEB7A0036CEE0 /* Info.plist */,
				37029A9A2BDD5B7A00D0B312 /* LoginViewController.swift */,
				370E391E2BE7784500C1A10B /* OrderStatusViewController.swift */,
				370E39202BE7793800C1A10B /* OrderDetails.swift */,
			);
			path = UIKitTutorials;
			sourceTree = "<group>";
		};
/* End PBXGroup section */

/* Begin PBXNativeTarget section */
		37A9A3B82BDCEB790036CEE0 /* UIKitTutorials */ = {
			isa = PBXNativeTarget;
			buildConfigurationList = 37A9A3CD2BDCEB7A0036CEE0 /* Build configuration list for PBXNativeTarget "UIKitTutorials" */;
			buildPhases = (
				37A9A3B52BDCEB790036CEE0 /* Sources */,
				37A9A3B62BDCEB790036CEE0 /* Frameworks */,
				37A9A3B72BDCEB790036CEE0 /* Resources */,
			);
			buildRules = (
			);
			dependencies = (
			);
			name = UIKitTutorials;
			packageProductDependencies = (
				370292A22BDCF90E006F996C /* SendbirdUIKit */,
				370292A52BDCF960006F996C /* SendbirdChatSDK */,
			);
			productName = UIKitTutorials;
			productReference = 37A9A3B92BDCEB790036CEE0 /* UIKitTutorials.app */;
			productType = "com.apple.product-type.application";
		};
/* End PBXNativeTarget section */

/* Begin PBXProject section */
		37A9A3B12BDCEB790036CEE0 /* Project object */ = {
			isa = PBXProject;
			attributes = {
				BuildIndependentTargetsInParallel = 1;
				LastSwiftUpdateCheck = 1430;
				LastUpgradeCheck = 1430;
				TargetAttributes = {
					37A9A3B82BDCEB790036CEE0 = {
						CreatedOnToolsVersion = 14.3.1;
					};
				};
			};
			buildConfigurationList = 37A9A3B42BDCEB790036CEE0 /* Build configuration list for PBXProject "UIKitTutorials" */;
			compatibilityVersion = "Xcode 14.0";
			developmentRegion = en;
			hasScannedForEncodings = 0;
			knownRegions = (
				en,
				Base,
			);
			mainGroup = 37A9A3B02BDCEB790036CEE0;
			packageReferences = (
				370292A12BDCF90E006F996C /* XCRemoteSwiftPackageReference "sendbird-uikit-ios-spm" */,
				370292A42BDCF960006F996C /* XCRemoteSwiftPackageReference "sendbird-chat-sdk-ios" */,
			);
			productRefGroup = 37A9A3BA2BDCEB790036CEE0 /* Products */;
			projectDirPath = "";
			projectRoot = "";
			targets = (
				37A9A3B82BDCEB790036CEE0 /* UIKitTutorials */,
			);
		};
/* End PBXProject section */

/* Begin PBXResourcesBuildPhase section */
		37A9A3B72BDCEB790036CEE0 /* Resources */ = {
			isa = PBXResourcesBuildPhase;
			buildActionMask = 2147483647;
			files = (
				37A9A3C92BDCEB7A0036CEE0 /* LaunchScreen.storyboard in Resources */,
				37A9A3C62BDCEB7A0036CEE0 /* Assets.xcassets in Resources */,
				37A9A3C42BDCEB790036CEE0 /* Main.storyboard in Resources */,
			);
			runOnlyForDeploymentPostprocessing = 0;
		};
/* End PBXResourcesBuildPhase section */

/* Begin PBXSourcesBuildPhase section */
		37A9A3B52BDCEB790036CEE0 /* Sources */ = {
			isa = PBXSourcesBuildPhase;
			buildActionMask = 2147483647;
			files = (
				37029A9B2BDD5B7A00D0B312 /* LoginViewController.swift in Sources */,
				370E39212BE7793800C1A10B /* OrderDetails.swift in Sources */,
				37A9A3C12BDCEB790036CEE0 /* ViewController.swift in Sources */,
				370E391F2BE7784500C1A10B /* OrderStatusViewController.swift in Sources */,
				37A9A3BD2BDCEB790036CEE0 /* AppDelegate.swift in Sources */,
				37A9A3BF2BDCEB790036CEE0 /* SceneDelegate.swift in Sources */,
			);
			runOnlyForDeploymentPostprocessing = 0;
		};
/* End PBXSourcesBuildPhase section */

/* Begin PBXVariantGroup section */
		37A9A3C22BDCEB790036CEE0 /* Main.storyboard */ = {
			isa = PBXVariantGroup;
			children = (
				37A9A3C32BDCEB790036CEE0 /* Base */,
			);
			name = Main.storyboard;
			sourceTree = "<group>";
		};
		37A9A3C72BDCEB7A0036CEE0 /* LaunchScreen.storyboard */ = {
			isa = PBXVariantGroup;
			children = (
				37A9A3C82BDCEB7A0036CEE0 /* Base */,
			);
			name = LaunchScreen.storyboard;
			sourceTree = "<group>";
		};
/* End PBXVariantGroup section */

/* Begin XCBuildConfiguration section */
		37A9A3CB2BDCEB7A0036CEE0 /* Debug */ = {
			isa = XCBuildConfiguration;
			buildSettings = {
				ALWAYS_SEARCH_USER_PATHS = NO;
				CLANG_ANALYZER_NONNULL = YES;
				CLANG_ANALYZER_NUMBER_OBJECT_CONVERSION = YES_AGGRESSIVE;
				CLANG_CXX_LANGUAGE_STANDARD = "gnu++20";
				CLANG_ENABLE_MODULES = YES;
				CLANG_ENABLE_OBJC_ARC = YES;
				CLANG_ENABLE_OBJC_WEAK = YES;
				CLANG_WARN_BLOCK_CAPTURE_AUTORELEASING = YES;
				CLANG_WARN_BOOL_CONVERSION = YES;
				CLANG_WARN_COMMA = YES;
				CLANG_WARN_CONSTANT_CONVERSION = YES;
				CLANG_WARN_DEPRECATED_OBJC_IMPLEMENTATIONS = YES;
				CLANG_WARN_DIRECT_OBJC_ISA_USAGE = YES_ERROR;
				CLANG_WARN_DOCUMENTATION_COMMENTS = YES;
				CLANG_WARN_EMPTY_BODY = YES;
				CLANG_WARN_ENUM_CONVERSION = YES;
				CLANG_WARN_INFINITE_RECURSION = YES;
				CLANG_WARN_INT_CONVERSION = YES;
				CLANG_WARN_NON_LITERAL_NULL_CONVERSION = YES;
				CLANG_WARN_OBJC_IMPLICIT_RETAIN_SELF = YES;
				CLANG_WARN_OBJC_LITERAL_CONVERSION = YES;
				CLANG_WARN_OBJC_ROOT_CLASS = YES_ERROR;
				CLANG_WARN_QUOTED_INCLUDE_IN_FRAMEWORK_HEADER = YES;
				CLANG_WARN_RANGE_LOOP_ANALYSIS = YES;
				CLANG_WARN_STRICT_PROTOTYPES = YES;
				CLANG_WARN_SUSPICIOUS_MOVE = YES;
				CLANG_WARN_UNGUARDED_AVAILABILITY = YES_AGGRESSIVE;
				CLANG_WARN_UNREACHABLE_CODE = YES;
				CLANG_WARN__DUPLICATE_METHOD_MATCH = YES;
				COPY_PHASE_STRIP = NO;
				DEBUG_INFORMATION_FORMAT = dwarf;
				ENABLE_STRICT_OBJC_MSGSEND = YES;
				ENABLE_TESTABILITY = YES;
				GCC_C_LANGUAGE_STANDARD = gnu11;
				GCC_DYNAMIC_NO_PIC = NO;
				GCC_NO_COMMON_BLOCKS = YES;
				GCC_OPTIMIZATION_LEVEL = 0;
				GCC_PREPROCESSOR_DEFINITIONS = (
					"DEBUG=1",
					"$(inherited)",
				);
				GCC_WARN_64_TO_32_BIT_CONVERSION = YES;
				GCC_WARN_ABOUT_RETURN_TYPE = YES_ERROR;
				GCC_WARN_UNDECLARED_SELECTOR = YES;
				GCC_WARN_UNINITIALIZED_AUTOS = YES_AGGRESSIVE;
				GCC_WARN_UNUSED_FUNCTION = YES;
				GCC_WARN_UNUSED_VARIABLE = YES;
				IPHONEOS_DEPLOYMENT_TARGET = 16.4;
				MTL_ENABLE_DEBUG_INFO = INCLUDE_SOURCE;
				MTL_FAST_MATH = YES;
				ONLY_ACTIVE_ARCH = YES;
				SDKROOT = iphoneos;
				SWIFT_ACTIVE_COMPILATION_CONDITIONS = DEBUG;
				SWIFT_OPTIMIZATION_LEVEL = "-Onone";
			};
			name = Debug;
		};
		37A9A3CC2BDCEB7A0036CEE0 /* Release */ = {
			isa = XCBuildConfiguration;
			buildSettings = {
				ALWAYS_SEARCH_USER_PATHS = NO;
				CLANG_ANALYZER_NONNULL = YES;
				CLANG_ANALYZER_NUMBER_OBJECT_CONVERSION = YES_AGGRESSIVE;
				CLANG_CXX_LANGUAGE_STANDARD = "gnu++20";
				CLANG_ENABLE_MODULES = YES;
				CLANG_ENABLE_OBJC_ARC = YES;
				CLANG_ENABLE_OBJC_WEAK = YES;
				CLANG_WARN_BLOCK_CAPTURE_AUTORELEASING = YES;
				CLANG_WARN_BOOL_CONVERSION = YES;
				CLANG_WARN_COMMA = YES;
				CLANG_WARN_CONSTANT_CONVERSION = YES;
				CLANG_WARN_DEPRECATED_OBJC_IMPLEMENTATIONS = YES;
				CLANG_WARN_DIRECT_OBJC_ISA_USAGE = YES_ERROR;
				CLANG_WARN_DOCUMENTATION_COMMENTS = YES;
				CLANG_WARN_EMPTY_BODY = YES;
				CLANG_WARN_ENUM_CONVERSION = YES;
				CLANG_WARN_INFINITE_RECURSION = YES;
				CLANG_WARN_INT_CONVERSION = YES;
				CLANG_WARN_NON_LITERAL_NULL_CONVERSION = YES;
				CLANG_WARN_OBJC_IMPLICIT_RETAIN_SELF = YES;
				CLANG_WARN_OBJC_LITERAL_CONVERSION = YES;
				CLANG_WARN_OBJC_ROOT_CLASS = YES_ERROR;
				CLANG_WARN_QUOTED_INCLUDE_IN_FRAMEWORK_HEADER = YES;
				CLANG_WARN_RANGE_LOOP_ANALYSIS = YES;
				CLANG_WARN_STRICT_PROTOTYPES = YES;
				CLANG_WARN_SUSPICIOUS_MOVE = YES;
				CLANG_WARN_UNGUARDED_AVAILABILITY = YES_AGGRESSIVE;
				CLANG_WARN_UNREACHABLE_CODE = YES;
				CLANG_WARN__DUPLICATE_METHOD_MATCH = YES;
				COPY_PHASE_STRIP = NO;
				DEBUG_INFORMATION_FORMAT = "dwarf-with-dsym";
				ENABLE_NS_ASSERTIONS = NO;
				ENABLE_STRICT_OBJC_MSGSEND = YES;
				GCC_C_LANGUAGE_STANDARD = gnu11;
				GCC_NO_COMMON_BLOCKS = YES;
				GCC_WARN_64_TO_32_BIT_CONVERSION = YES;
				GCC_WARN_ABOUT_RETURN_TYPE = YES_ERROR;
				GCC_WARN_UNDECLARED_SELECTOR = YES;
				GCC_WARN_UNINITIALIZED_AUTOS = YES_AGGRESSIVE;
				GCC_WARN_UNUSED_FUNCTION = YES;
				GCC_WARN_UNUSED_VARIABLE = YES;
				IPHONEOS_DEPLOYMENT_TARGET = 16.4;
				MTL_ENABLE_DEBUG_INFO = NO;
				MTL_FAST_MATH = YES;
				SDKROOT = iphoneos;
				SWIFT_COMPILATION_MODE = wholemodule;
				SWIFT_OPTIMIZATION_LEVEL = "-O";
				VALIDATE_PRODUCT = YES;
			};
			name = Release;
		};
		37A9A3CE2BDCEB7A0036CEE0 /* Debug */ = {
			isa = XCBuildConfiguration;
			buildSettings = {
				ASSETCATALOG_COMPILER_APPICON_NAME = AppIcon;
				ASSETCATALOG_COMPILER_GLOBAL_ACCENT_COLOR_NAME = AccentColor;
				CODE_SIGN_STYLE = Automatic;
				CURRENT_PROJECT_VERSION = 1;
				GENERATE_INFOPLIST_FILE = YES;
				INFOPLIST_FILE = UIKitTutorials/Info.plist;
				INFOPLIST_KEY_UIApplicationSupportsIndirectInputEvents = YES;
				INFOPLIST_KEY_UILaunchStoryboardName = LaunchScreen;
				INFOPLIST_KEY_UIMainStoryboardFile = Main;
				INFOPLIST_KEY_UISupportedInterfaceOrientations_iPad = "UIInterfaceOrientationPortrait UIInterfaceOrientationPortraitUpsideDown UIInterfaceOrientationLandscapeLeft UIInterfaceOrientationLandscapeRight";
				INFOPLIST_KEY_UISupportedInterfaceOrientations_iPhone = "UIInterfaceOrientationPortrait UIInterfaceOrientationLandscapeLeft UIInterfaceOrientationLandscapeRight";
				LD_RUNPATH_SEARCH_PATHS = (
					"$(inherited)",
					"@executable_path/Frameworks",
				);
				MARKETING_VERSION = 1.0;
				PRODUCT_BUNDLE_IDENTIFIER = com.sendbird.UIKitTutorials;
				PRODUCT_NAME = "$(TARGET_NAME)";
				SWIFT_EMIT_LOC_STRINGS = YES;
				SWIFT_VERSION = 5.0;
				TARGETED_DEVICE_FAMILY = "1,2";
			};
			name = Debug;
		};
		37A9A3CF2BDCEB7A0036CEE0 /* Release */ = {
			isa = XCBuildConfiguration;
			buildSettings = {
				ASSETCATALOG_COMPILER_APPICON_NAME = AppIcon;
				ASSETCATALOG_COMPILER_GLOBAL_ACCENT_COLOR_NAME = AccentColor;
				CODE_SIGN_STYLE = Automatic;
				CURRENT_PROJECT_VERSION = 1;
				GENERATE_INFOPLIST_FILE = YES;
				INFOPLIST_FILE = UIKitTutorials/Info.plist;
				INFOPLIST_KEY_UIApplicationSupportsIndirectInputEvents = YES;
				INFOPLIST_KEY_UILaunchStoryboardName = LaunchScreen;
				INFOPLIST_KEY_UIMainStoryboardFile = Main;
				INFOPLIST_KEY_UISupportedInterfaceOrientations_iPad = "UIInterfaceOrientationPortrait UIInterfaceOrientationPortraitUpsideDown UIInterfaceOrientationLandscapeLeft UIInterfaceOrientationLandscapeRight";
				INFOPLIST_KEY_UISupportedInterfaceOrientations_iPhone = "UIInterfaceOrientationPortrait UIInterfaceOrientationLandscapeLeft UIInterfaceOrientationLandscapeRight";
				LD_RUNPATH_SEARCH_PATHS = (
					"$(inherited)",
					"@executable_path/Frameworks",
				);
				MARKETING_VERSION = 1.0;
				PRODUCT_BUNDLE_IDENTIFIER = com.sendbird.UIKitTutorials;
				PRODUCT_NAME = "$(TARGET_NAME)";
				SWIFT_EMIT_LOC_STRINGS = YES;
				SWIFT_VERSION = 5.0;
				TARGETED_DEVICE_FAMILY = "1,2";
			};
			name = Release;
		};
/* End XCBuildConfiguration section */

/* Begin XCConfigurationList section */
		37A9A3B42BDCEB790036CEE0 /* Build configuration list for PBXProject "UIKitTutorials" */ = {
			isa = XCConfigurationList;
			buildConfigurations = (
				37A9A3CB2BDCEB7A0036CEE0 /* Debug */,
				37A9A3CC2BDCEB7A0036CEE0 /* Release */,
			);
			defaultConfigurationIsVisible = 0;
			defaultConfigurationName = Release;
		};
		37A9A3CD2BDCEB7A0036CEE0 /* Build configuration list for PBXNativeTarget "UIKitTutorials" */ = {
			isa = XCConfigurationList;
			buildConfigurations = (
				37A9A3CE2BDCEB7A0036CEE0 /* Debug */,
				37A9A3CF2BDCEB7A0036CEE0 /* Release */,
			);
			defaultConfigurationIsVisible = 0;
			defaultConfigurationName = Release;
		};
/* End XCConfigurationList section */

/* Begin XCRemoteSwiftPackageReference section */
		370292A12BDCF90E006F996C /* XCRemoteSwiftPackageReference "sendbird-uikit-ios-spm" */ = {
			isa = XCRemoteSwiftPackageReference;
			repositoryURL = "https://github.com/sendbird/sendbird-uikit-ios-spm.git";
			requirement = {
				kind = exactVersion;
				version = 3.19.0;
			};
		};
		370292A42BDCF960006F996C /* XCRemoteSwiftPackageReference "sendbird-chat-sdk-ios" */ = {
			isa = XCRemoteSwiftPackageReference;
			repositoryURL = "https://github.com/sendbird/sendbird-chat-sdk-ios";
			requirement = {
				kind = exactVersion;
				version = 4.18.0;
			};
		};
/* End XCRemoteSwiftPackageReference section */

/* Begin XCSwiftPackageProductDependency section */
		370292A22BDCF90E006F996C /* SendbirdUIKit */ = {
			isa = XCSwiftPackageProductDependency;
			package = 370292A12BDCF90E006F996C /* XCRemoteSwiftPackageReference "sendbird-uikit-ios-spm" */;
			productName = SendbirdUIKit;
		};
		370292A52BDCF960006F996C /* SendbirdChatSDK */ = {
			isa = XCSwiftPackageProductDependency;
			package = 370292A42BDCF960006F996C /* XCRemoteSwiftPackageReference "sendbird-chat-sdk-ios" */;
			productName = SendbirdChatSDK;
		};
/* End XCSwiftPackageProductDependency section */
	};
	rootObject = 37A9A3B12BDCEB790036CEE0 /* Project object */;
}
